PODS:
  - KRPhotoCompose (0.1.0)
  - PBJVision (0.4.2)

DEPENDENCIES:
  - KRPhotoCompose (from `../`)
  - PBJVision

EXTERNAL SOURCES:
  KRPhotoCompose:
    :path: "../"

SPEC CHECKSUMS:
  KRPhotoCompose: 256944dc504140287ad1c22ed33e0fd6120e72b1
  PBJVision: fe43c9a58bb1c1277d16fd802fa836d25e034a45

PODFILE CHECKSUM: 4ae0840ca44b3d5f8be27f5601c19e152cb22143

COCOAPODS: 1.1.1
